// !$*UTF8*$!
{
	archiveVersion = 1;
	classes = {
	};
	objectVersion = 46;
	objects = {

/* Begin PBXBuildFile section */
		8A07B6841D31CC8400F811BD /* tokenizer.h in Sources */ = {isa = PBXBuildFile; fileRef = 8ABFCC281D26F62200AF38EC /* tokenizer.h */; };
		8ABFCC221D26F39400AF38EC /* main.c in Sources */ = {isa = PBXBuildFile; fileRef = 8ABFCC211D26F39400AF38EC /* main.c */; };
		8ABFCC2A1D26F65300AF38EC /* tokenizer.c in Sources */ = {isa = PBXBuildFile; fileRef = 8ABFCC291D26F65300AF38EC /* tokenizer.c */; };
/* End PBXBuildFile section */

/* Begin PBXCopyFilesBuildPhase section */
		8ABFCC1C1D26F39400AF38EC /* Copy Files */ = {
			isa = PBXCopyFilesBuildPhase;
			buildActionMask = 2147483647;
			dstPath = /usr/share/man/man1/;
			dstSubfolderSpec = 0;
			files = (
			);
			name = "Copy Files";
			runOnlyForDeploymentPostprocessing = 1;
		};
/* End PBXCopyFilesBuildPhase section */

/* Begin PBXFileReference section */
		8ABFCC1E1D26F39400AF38EC /* Tokenizer */ = {isa = PBXFileReference; explicitFileType = "compiled.mach-o.executable"; includeInIndex = 0; path = Tokenizer; sourceTree = BUILT_PRODUCTS_DIR; };
		8ABFCC211D26F39400AF38EC /* main.c */ = {isa = PBXFileReference; lastKnownFileType = sourcecode.c.c; path = main.c; sourceTree = "<group>"; };
		8ABFCC281D26F62200AF38EC /* tokenizer.h */ = {isa = PBXFileReference; lastKnownFileType = sourcecode.c.h; path = tokenizer.h; sourceTree = "<group>"; };
		8ABFCC291D26F65300AF38EC /* tokenizer.c */ = {isa = PBXFileReference; fileEncoding = 4; lastKnownFileType = sourcecode.c.c; path = tokenizer.c; sourceTree = "<group>"; };
/* End PBXFileReference section */

/* Begin PBXFrameworksBuildPhase section */
		8ABFCC1B1D26F39400AF38EC /* Frameworks */ = {
			isa = PBXFrameworksBuildPhase;
			buildActionMask = 2147483647;
			files = (
			);
			runOnlyForDeploymentPostprocessing = 0;
		};
/* End PBXFrameworksBuildPhase section */

/* Begin PBXGroup section */
		8ABFCC151D26F39400AF38EC = {
			isa = PBXGroup;
			children = (
				8ABFCC201D26F39400AF38EC /* Tokenizer */,
				8ABFCC1F1D26F39400AF38EC /* Products */,
			);
			sourceTree = "<group>";
		};
		8ABFCC1F1D26F39400AF38EC /* Products */ = {
			isa = PBXGroup;
			children = (
				8ABFCC1E1D26F39400AF38EC /* Tokenizer */,
			);
			name = Products;
			sourceTree = "<group>";
		};
		8ABFCC201D26F39400AF38EC /* Tokenizer */ = {
			isa = PBXGroup;
			children = (
				8ABFCC211D26F39400AF38EC /* main.c */,
				8ABFCC281D26F62200AF38EC /* tokenizer.h */,
				8ABFCC291D26F65300AF38EC /* tokenizer.c */,
			);
			path = Tokenizer;
			sourceTree = "<group>";
		};
/* End PBXGroup section */

/* Begin PBXNativeTarget section */
		8ABFCC1D1D26F39400AF38EC /* Tokenizer */ = {
			isa = PBXNativeTarget;
			buildConfigurationList = 8ABFCC251D26F39400AF38EC /* Build configuration list for PBXNativeTarget "Tokenizer" */;
			buildPhases = (
				8ABFCC1A1D26F39400AF38EC /* Sources */,
				8ABFCC1B1D26F39400AF38EC /* Frameworks */,
				8ABFCC1C1D26F39400AF38EC /* Copy Files */,
			);
			buildRules = (
			);
			dependencies = (
			);
			name = Tokenizer;
			productName = Tokenizer;
			productReference = 8ABFCC1E1D26F39400AF38EC /* Tokenizer */;
			productType = "com.apple.product-type.tool";
		};
/* End PBXNativeTarget section */

/* Begin PBXProject section */
		8ABFCC161D26F39400AF38EC /* Project object */ = {
			isa = PBXProject;
			attributes = {
				LastUpgradeCheck = 0730;
				ORGANIZATIONNAME = "Avijeet Sachdev";
				TargetAttributes = {
					8ABFCC1D1D26F39400AF38EC = {
						CreatedOnToolsVersion = 7.3.1;
					};
				};
			};
			buildConfigurationList = 8ABFCC191D26F39400AF38EC /* Build configuration list for PBXProject "Tokenizer" */;
			compatibilityVersion = "Xcode 3.2";
			developmentRegion = English;
			hasScannedForEncodings = 0;
			knownRegions = (
				en,
			);
			mainGroup = 8ABFCC151D26F39400AF38EC;
			productRefGroup = 8ABFCC1F1D26F39400AF38EC /* Products */;
			projectDirPath = "";
			projectRoot = "";
			targets = (
				8ABFCC1D1D26F39400AF38EC /* Tokenizer */,
			);
		};
/* End PBXProject section */

/* Begin PBXSourcesBuildPhase section */
		8ABFCC1A1D26F39400AF38EC /* Sources */ = {
			isa = PBXSourcesBuildPhase;
			buildActionMask = 2147483647;
			files = (
				8A07B6841D31CC8400F811BD /* tokenizer.h in Sources */,
				8ABFCC221D26F39400AF38EC /* main.c in Sources */,
				8ABFCC2A1D26F65300AF38EC /* tokenizer.c in Sources */,
			);
			runOnlyForDeploymentPostprocessing = 0;
		};
/* End PBXSourcesBuildPhase section */

/* Begin XCBuildConfiguration section */
		8ABFCC231D26F39400AF38EC /* Debug */ = {
			isa = XCBuildConfiguration;
			buildSettings = {
				ALWAYS_SEARCH_USER_PATHS = NO;
				CLANG_ANALYZER_NONNULL = YES;
				CLANG_CXX_LANGUAGE_STANDARD = "gnu++0x";
				CLANG_CXX_LIBRARY = "libc++";
				CLANG_ENABLE_MODULES = YES;
				CLANG_ENABLE_OBJC_ARC = YES;
				CLANG_WARN_BOOL_CONVERSION = YES;
				CLANG_WARN_CONSTANT_CONVERSION = YES;
				CLANG_WARN_DIRECT_OBJC_ISA_USAGE = YES_ERROR;
				CLANG_WARN_EMPTY_BODY = YES;
				CLANG_WARN_ENUM_CONVERSION = YES;
				CLANG_WARN_INT_CONVERSION = YES;
				CLANG_WARN_OBJC_ROOT_CLASS = YES_ERROR;
				CLANG_WARN_UNREACHABLE_CODE = YES;
				CLANG_WARN__DUPLICATE_METHOD_MATCH = YES;
				CODE_SIGN_IDENTITY = "-";
				COPY_PHASE_STRIP = NO;
				DEBUG_INFORMATION_FORMAT = dwarf;
				ENABLE_STRICT_OBJC_MSGSEND = YES;
				ENABLE_TESTABILITY = YES;
				GCC_C_LANGUAGE_STANDARD = gnu99;
				GCC_DYNAMIC_NO_PIC = NO;
				GCC_NO_COMMON_BLOCKS = YES;
				GCC_OPTIMIZATION_LEVEL = 0;
				GCC_PREPROCESSOR_DEFINITIONS = (
					"DEBUG=1",
					"$(inherited)",
				);
				GCC_WARN_64_TO_32_BIT_CONVERSION = YES;
				GCC_WARN_ABOUT_RETURN_TYPE = YES_ERROR;
				GCC_WARN_UNDECLARED_SELECTOR = YES;
				GCC_WARN_UNINITIALIZED_AUTOS = YES_AGGRESSIVE;
				GCC_WARN_UNUSED_FUNCTION = YES;
				GCC_WARN_UNUSED_VARIABLE = YES;
				MACOSX_DEPLOYMENT_TARGET = 10.11;
				MTL_ENABLE_DEBUG_INFO = YES;
				ONLY_ACTIVE_ARCH = YES;
				SDKROOT = macosx;
			};
			name = Debug;
		};
		8ABFCC241D26F39400AF38EC /* Release */ = {
			isa = XCBuildConfiguration;
			buildSettings = {
				ALWAYS_SEARCH_USER_PATHS = NO;
				CLANG_ANALYZER_NONNULL = YES;
				CLANG_CXX_LANGUAGE_STANDARD = "gnu++0x";
				CLANG_CXX_LIBRARY = "libc++";
				CLANG_ENABLE_MODULES = YES;
				CLANG_ENABLE_OBJC_ARC = YES;
				CLANG_WARN_BOOL_CONVERSION = YES;
				CLANG_WARN_CONSTANT_CONVERSION = YES;
				CLANG_WARN_DIRECT_OBJC_ISA_USAGE = YES_ERROR;
				CLANG_WARN_EMPTY_BODY = YES;
				CLANG_WARN_ENUM_CONVERSION = YES;
				CLANG_WARN_INT_CONVERSION = YES;
				CLANG_WARN_OBJC_ROOT_CLASS = YES_ERROR;
				CLANG_WARN_UNREACHABLE_CODE = YES;
				CLANG_WARN__DUPLICATE_METHOD_MATCH = YES;
				CODE_SIGN_IDENTITY = "-";
				COPY_PHASE_STRIP = NO;
				DEBUG_INFORMATION_FORMAT = "dwarf-with-dsym";
				ENABLE_NS_ASSERTIONS = NO;
				ENABLE_STRICT_OBJC_MSGSEND = YES;
				GCC_C_LANGUAGE_STANDARD = gnu99;
				GCC_NO_COMMON_BLOCKS = YES;
				GCC_WARN_64_TO_32_BIT_CONVERSION = YES;
				GCC_WARN_ABOUT_RETURN_TYPE = YES_ERROR;
				GCC_WARN_UNDECLARED_SELECTOR = YES;
				GCC_WARN_UNINITIALIZED_AUTOS = YES_AGGRESSIVE;
				GCC_WARN_UNUSED_FUNCTION = YES;
				GCC_WARN_UNUSED_VARIABLE = YES;
				MACOSX_DEPLOYMENT_TARGET = 10.11;
				MTL_ENABLE_DEBUG_INFO = NO;
				SDKROOT = macosx;
			};
			name = Release;
		};
		8ABFCC261D26F39400AF38EC /* Debug */ = {
			isa = XCBuildConfiguration;
			buildSettings = {
				PRODUCT_NAME = "$(TARGET_NAME)";
			};
			name = Debug;
		};
		8ABFCC271D26F39400AF38EC /* Release */ = {
			isa = XCBuildConfiguration;
			buildSettings = {
				PRODUCT_NAME = "$(TARGET_NAME)";
			};
			name = Release;
		};
/* End XCBuildConfiguration section */

/* Begin XCConfigurationList section */
		8ABFCC191D26F39400AF38EC /* Build configuration list for PBXProject "Tokenizer" */ = {
			isa = XCConfigurationList;
			buildConfigurations = (
				8ABFCC231D26F39400AF38EC /* Debug */,
				8ABFCC241D26F39400AF38EC /* Release */,
			);
			defaultConfigurationIsVisible = 0;
			defaultConfigurationName = Release;
		};
		8ABFCC251D26F39400AF38EC /* Build configuration list for PBXNativeTarget "Tokenizer" */ = {
			isa = XCConfigurationList;
			buildConfigurations = (
				8ABFCC261D26F39400AF38EC /* Debug */,
				8ABFCC271D26F39400AF38EC /* Release */,
			);
			defaultConfigurationIsVisible = 0;
			defaultConfigurationName = Release;
		};
/* End XCConfigurationList section */
	};
	rootObject = 8ABFCC161D26F39400AF38EC /* Project object */;
}
